
Microsoft Visual Studio Solution File, Format Version 12.00
# Visual Studio 15
VisualStudioVersion = 15.0.28307.271
MinimumVisualStudioVersion = 10.0.40219.1
Project("{FAE04EC0-301F-11D3-BF4B-00C04F79EFBC}") = "WpfCursus", "WpfCursus\WpfCursus.csproj", "{594395EC-68AD-402F-8E59-8963B8ADE9E0}"
EndProject
Project("{FAE04EC0-301F-11D3-BF4B-00C04F79EFBC}") = "VerkeerslichtOpdracht", "VerkeerslichtOpdracht\VerkeerslichtOpdracht.csproj", "{2E28A8FA-AA02-4BAC-B4E4-318A95FEA60B}"
EndProject
Project("{FAE04EC0-301F-11D3-BF4B-00C04F79EFBC}") = "TekstVerwerken", "TekstVerwerken\TekstVerwerken.csproj", "{5EFDD18E-7AF0-4962-A531-1B17418871B7}"
EndProject
Project("{FAE04EC0-301F-11D3-BF4B-00C04F79EFBC}") = "ButtonGebruik", "ButtonGebruik\ButtonGebruik.csproj", "{CFF1E796-BE06-496E-AC77-0DF5663A04D5}"
EndProject
Project("{FAE04EC0-301F-11D3-BF4B-00C04F79EFBC}") = "PizzaWindowOpdracht", "PizzaWindowOpdracht\PizzaWindowOpdracht.csproj", "{70F6C4EC-F751-4E41-B4F3-F9BB3861121F}"
EndProject
Project("{FAE04EC0-301F-11D3-BF4B-00C04F79EFBC}") = "HobbyLijst", "HobbyLijst\HobbyLijst.csproj", "{3BE1BE83-ABAC-433A-868B-319315A1F994}"
EndProject
Project("{FAE04EC0-301F-11D3-BF4B-00C04F79EFBC}") = "TelefoonWindowOpdracht", "TelefoonWindowOpdracht\TelefoonWindowOpdracht.csproj", "{015417D2-9B68-449F-9B94-2E0E8887503C}"
EndProject
Project("{FAE04EC0-301F-11D3-BF4B-00C04F79EFBC}") = "Bars", "Bars\Bars.csproj", "{D9CE6C37-E931-4DFE-A7C0-0BDACCA7EDDD}"
EndProject
Project("{FAE04EC0-301F-11D3-BF4B-00C04F79EFBC}") = "ParkingBon", "ParkingBon\ParkingBon.csproj", "{3786F89A-A692-4B15-AF2D-3D5E2828EAAE}"
EndProject
Project("{FAE04EC0-301F-11D3-BF4B-00C04F79EFBC}") = "KleurenKiezer", "KleurenKiezer\KleurenKiezer.csproj", "{7E2DE23F-BE52-4C3C-BB2A-5FC52C82AE16}"
EndProject
Project("{FAE04EC0-301F-11D3-BF4B-00C04F79EFBC}") = "DataBinding", "DataBinding\DataBinding.csproj", "{FAF0FC13-BA04-46FF-9032-3BA8D5595488}"
EndProject
Project("{FAE04EC0-301F-11D3-BF4B-00C04F79EFBC}") = "BloemSamenstelling", "BloemSamenstelling\BloemSamenstelling.csproj", "{C72D990D-B370-4E8D-AC25-5CE380F48474}"
EndProject
Project("{FAE04EC0-301F-11D3-BF4B-00C04F79EFBC}") = "RegenboogDragDrop", "RegenboogDragDrop\RegenboogDragDrop.csproj", "{59CB2CC4-3C36-4484-8A5A-066452C9AFDF}"
EndProject
Global
	GlobalSection(SolutionConfigurationPlatforms) = preSolution
		Debug|Any CPU = Debug|Any CPU
		Release|Any CPU = Release|Any CPU
	EndGlobalSection
	GlobalSection(ProjectConfigurationPlatforms) = postSolution
		{594395EC-68AD-402F-8E59-8963B8ADE9E0}.Debug|Any CPU.ActiveCfg = Debug|Any CPU
		{594395EC-68AD-402F-8E59-8963B8ADE9E0}.Debug|Any CPU.Build.0 = Debug|Any CPU
		{594395EC-68AD-402F-8E59-8963B8ADE9E0}.Release|Any CPU.ActiveCfg = Release|Any CPU
		{594395EC-68AD-402F-8E59-8963B8ADE9E0}.Release|Any CPU.Build.0 = Release|Any CPU
		{2E28A8FA-AA02-4BAC-B4E4-318A95FEA60B}.Debug|Any CPU.ActiveCfg = Debug|Any CPU
		{2E28A8FA-AA02-4BAC-B4E4-318A95FEA60B}.Debug|Any CPU.Build.0 = Debug|Any CPU
		{2E28A8FA-AA02-4BAC-B4E4-318A95FEA60B}.Release|Any CPU.ActiveCfg = Release|Any CPU
		{2E28A8FA-AA02-4BAC-B4E4-318A95FEA60B}.Release|Any CPU.Build.0 = Release|Any CPU
		{5EFDD18E-7AF0-4962-A531-1B17418871B7}.Debug|Any CPU.ActiveCfg = Debug|Any CPU
		{5EFDD18E-7AF0-4962-A531-1B17418871B7}.Debug|Any CPU.Build.0 = Debug|Any CPU
		{5EFDD18E-7AF0-4962-A531-1B17418871B7}.Release|Any CPU.ActiveCfg = Release|Any CPU
		{5EFDD18E-7AF0-4962-A531-1B17418871B7}.Release|Any CPU.Build.0 = Release|Any CPU
		{CFF1E796-BE06-496E-AC77-0DF5663A04D5}.Debug|Any CPU.ActiveCfg = Debug|Any CPU
		{CFF1E796-BE06-496E-AC77-0DF5663A04D5}.Debug|Any CPU.Build.0 = Debug|Any CPU
		{CFF1E796-BE06-496E-AC77-0DF5663A04D5}.Release|Any CPU.ActiveCfg = Release|Any CPU
		{CFF1E796-BE06-496E-AC77-0DF5663A04D5}.Release|Any CPU.Build.0 = Release|Any CPU
		{70F6C4EC-F751-4E41-B4F3-F9BB3861121F}.Debug|Any CPU.ActiveCfg = Debug|Any CPU
		{70F6C4EC-F751-4E41-B4F3-F9BB3861121F}.Debug|Any CPU.Build.0 = Debug|Any CPU
		{70F6C4EC-F751-4E41-B4F3-F9BB3861121F}.Release|Any CPU.ActiveCfg = Release|Any CPU
		{70F6C4EC-F751-4E41-B4F3-F9BB3861121F}.Release|Any CPU.Build.0 = Release|Any CPU
		{3BE1BE83-ABAC-433A-868B-319315A1F994}.Debug|Any CPU.ActiveCfg = Debug|Any CPU
		{3BE1BE83-ABAC-433A-868B-319315A1F994}.Debug|Any CPU.Build.0 = Debug|Any CPU
		{3BE1BE83-ABAC-433A-868B-319315A1F994}.Release|Any CPU.ActiveCfg = Release|Any CPU
		{3BE1BE83-ABAC-433A-868B-319315A1F994}.Release|Any CPU.Build.0 = Release|Any CPU
		{015417D2-9B68-449F-9B94-2E0E8887503C}.Debug|Any CPU.ActiveCfg = Debug|Any CPU
		{015417D2-9B68-449F-9B94-2E0E8887503C}.Debug|Any CPU.Build.0 = Debug|Any CPU
		{015417D2-9B68-449F-9B94-2E0E8887503C}.Release|Any CPU.ActiveCfg = Release|Any CPU
		{015417D2-9B68-449F-9B94-2E0E8887503C}.Release|Any CPU.Build.0 = Release|Any CPU
		{D9CE6C37-E931-4DFE-A7C0-0BDACCA7EDDD}.Debug|Any CPU.ActiveCfg = Debug|Any CPU
		{D9CE6C37-E931-4DFE-A7C0-0BDACCA7EDDD}.Debug|Any CPU.Build.0 = Debug|Any CPU
		{D9CE6C37-E931-4DFE-A7C0-0BDACCA7EDDD}.Release|Any CPU.ActiveCfg = Release|Any CPU
		{D9CE6C37-E931-4DFE-A7C0-0BDACCA7EDDD}.Release|Any CPU.Build.0 = Release|Any CPU
		{3786F89A-A692-4B15-AF2D-3D5E2828EAAE}.Debug|Any CPU.ActiveCfg = Debug|Any CPU
		{3786F89A-A692-4B15-AF2D-3D5E2828EAAE}.Debug|Any CPU.Build.0 = Debug|Any CPU
		{3786F89A-A692-4B15-AF2D-3D5E2828EAAE}.Release|Any CPU.ActiveCfg = Release|Any CPU
		{3786F89A-A692-4B15-AF2D-3D5E2828EAAE}.Release|Any CPU.Build.0 = Release|Any CPU
		{7E2DE23F-BE52-4C3C-BB2A-5FC52C82AE16}.Debug|Any CPU.ActiveCfg = Debug|Any CPU
		{7E2DE23F-BE52-4C3C-BB2A-5FC52C82AE16}.Debug|Any CPU.Build.0 = Debug|Any CPU
		{7E2DE23F-BE52-4C3C-BB2A-5FC52C82AE16}.Release|Any CPU.ActiveCfg = Release|Any CPU
		{7E2DE23F-BE52-4C3C-BB2A-5FC52C82AE16}.Release|Any CPU.Build.0 = Release|Any CPU
		{FAF0FC13-BA04-46FF-9032-3BA8D5595488}.Debug|Any CPU.ActiveCfg = Debug|Any CPU
		{FAF0FC13-BA04-46FF-9032-3BA8D5595488}.Debug|Any CPU.Build.0 = Debug|Any CPU
		{FAF0FC13-BA04-46FF-9032-3BA8D5595488}.Release|Any CPU.ActiveCfg = Release|Any CPU
		{FAF0FC13-BA04-46FF-9032-3BA8D5595488}.Release|Any CPU.Build.0 = Release|Any CPU
		{C72D990D-B370-4E8D-AC25-5CE380F48474}.Debug|Any CPU.ActiveCfg = Debug|Any CPU
		{C72D990D-B370-4E8D-AC25-5CE380F48474}.Debug|Any CPU.Build.0 = Debug|Any CPU
		{C72D990D-B370-4E8D-AC25-5CE380F48474}.Release|Any CPU.ActiveCfg = Release|Any CPU
		{C72D990D-B370-4E8D-AC25-5CE380F48474}.Release|Any CPU.Build.0 = Release|Any CPU
		{59CB2CC4-3C36-4484-8A5A-066452C9AFDF}.Debug|Any CPU.ActiveCfg = Debug|Any CPU
		{59CB2CC4-3C36-4484-8A5A-066452C9AFDF}.Debug|Any CPU.Build.0 = Debug|Any CPU
		{59CB2CC4-3C36-4484-8A5A-066452C9AFDF}.Release|Any CPU.ActiveCfg = Release|Any CPU
		{59CB2CC4-3C36-4484-8A5A-066452C9AFDF}.Release|Any CPU.Build.0 = Release|Any CPU
	EndGlobalSection
	GlobalSection(SolutionProperties) = preSolution
		HideSolutionNode = FALSE
	EndGlobalSection
	GlobalSection(ExtensibilityGlobals) = postSolution
		SolutionGuid = {E6BDC470-0F1F-4B45-8853-2006D4DB873C}
	EndGlobalSection
EndGlobal
